
Microsoft Visual Studio Solution File, Format Version 12.00
# Visual Studio Version 17
VisualStudioVersion = 17.11.35303.130
MinimumVisualStudioVersion = 10.0.40219.1
Project("{2150E333-8FDC-42A3-9474-1A3956D46DE8}") = "Task0", "Task0", "{841821EF-CD4D-4A82-B707-482AECBC1788}"
EndProject
Project("{9A19103F-16F7-4668-BE54-9A1E7A4F7556}") = "Tyuiu.MyshakinD.Sprint5.Task0.V17", "Tyuiu.MyshakinD.Sprint5.Task0.V17\Tyuiu.MyshakinD.Sprint5.Task0.V17.csproj", "{77091D5C-EBD8-4B6C-93C7-8E756AB4A7AE}"
EndProject
Project("{9A19103F-16F7-4668-BE54-9A1E7A4F7556}") = "Tyuiu.MyshakinD.Sprint5.Task0.V17.Lib", "Tyuiu.MyshakinD.Sprint5.Task0.V17.Lib\Tyuiu.MyshakinD.Sprint5.Task0.V17.Lib.csproj", "{FAAC81F4-26CD-40D4-976F-FB99A790C8CF}"
EndProject
Project("{9A19103F-16F7-4668-BE54-9A1E7A4F7556}") = "Tyuiu.MyshakinD.Sprint5.Task0.V17.Test", "Tyuiu.MyshakinD.Sprint5.Task0.V17.Test\Tyuiu.MyshakinD.Sprint5.Task0.V17.Test.csproj", "{517D3DD8-D2DD-4818-9C62-9D588935D32D}"
EndProject
Project("{2150E333-8FDC-42A3-9474-1A3956D46DE8}") = "Task1", "Task1", "{AC8A18EB-0D0C-4F53-BCF7-9326FA15B64C}"
EndProject
Project("{9A19103F-16F7-4668-BE54-9A1E7A4F7556}") = "Tyuiu.MyshakinD.Sprint5.Task1.V4", "Tyuiu.MyshakinD.Sprint5.Task1.V4\Tyuiu.MyshakinD.Sprint5.Task1.V4.csproj", "{EB18B1B0-7934-4A79-9F1B-C9BD612D62D6}"
EndProject
Project("{9A19103F-16F7-4668-BE54-9A1E7A4F7556}") = "Tyuiu.MyshakinD.Sprint5.Task1.V4.Lib", "Tyuiu.MyshakinD.Sprint5.Task1.V4.Lib\Tyuiu.MyshakinD.Sprint5.Task1.V4.Lib.csproj", "{11B13511-2905-4904-A182-2ED2F0C4F570}"
EndProject
Project("{9A19103F-16F7-4668-BE54-9A1E7A4F7556}") = "Tyuiu.MyshakinD.Sprint5.Task1.V4.Test", "Tyuiu.MyshakinD.Sprint5.Task1.V4.Test\Tyuiu.MyshakinD.Sprint5.Task1.V4.Test.csproj", "{EE887482-8D58-43B1-93C5-CEB6821CA15A}"
EndProject
Project("{2150E333-8FDC-42A3-9474-1A3956D46DE8}") = "Task2", "Task2", "{BA22D943-9404-4D1E-A798-B28412CDF7B7}"
EndProject
Project("{9A19103F-16F7-4668-BE54-9A1E7A4F7556}") = "Tyuiu.MyshakinD.Sprint5.Task2.V30", "Tyuiu.MyshakinD.Sprint5.Task2.V30\Tyuiu.MyshakinD.Sprint5.Task2.V30.csproj", "{E37386B9-2474-44E6-A875-C4946D323A89}"
EndProject
Project("{9A19103F-16F7-4668-BE54-9A1E7A4F7556}") = "Tyuiu.MyshakinD.Sprint5.Task2.V30.Lib", "Tyuiu.MyshakinD.Sprint5.Task2.V30.Lib\Tyuiu.MyshakinD.Sprint5.Task2.V30.Lib.csproj", "{DA764101-1D03-4071-9DA0-03F1A50CE738}"
EndProject
Project("{9A19103F-16F7-4668-BE54-9A1E7A4F7556}") = "Tyuiu.MyshakinD.Sprint5.Task2.V30.Test", "Tyuiu.MyshakinD.Sprint5.Task2.V30.Test\Tyuiu.MyshakinD.Sprint5.Task2.V30.Test.csproj", "{2FA60C7F-2123-4FF1-AE06-E55FB74AD173}"
EndProject
Project("{2150E333-8FDC-42A3-9474-1A3956D46DE8}") = "Task3", "Task3", "{C6D1B4C1-B9E9-41CE-8CDF-FB67E4C7DC5B}"
EndProject
Project("{9A19103F-16F7-4668-BE54-9A1E7A4F7556}") = "Tyuiu.MyshakinD.Sprint5.Task3.V26", "Tyuiu.MyshakinD.Sprint5.Task3.V26\Tyuiu.MyshakinD.Sprint5.Task3.V26.csproj", "{FE3E1F7D-AB14-48FF-BC36-920799C60B7A}"
EndProject
Project("{9A19103F-16F7-4668-BE54-9A1E7A4F7556}") = "Tyuiu.MyshakinD.Sprint5.Task3.V26.Lib", "Tyuiu.MyshakinD.Sprint5.Task3.V26.Lib\Tyuiu.MyshakinD.Sprint5.Task3.V26.Lib.csproj", "{F9D86711-7679-41BE-B71F-156E55E0D53A}"
EndProject
Project("{9A19103F-16F7-4668-BE54-9A1E7A4F7556}") = "Tyuiu.MyshakinD.Sprint5.Task3.V26.Test", "Tyuiu.MyshakinD.Sprint5.Task3.V26.Test\Tyuiu.MyshakinD.Sprint5.Task3.V26.Test.csproj", "{3EE1D949-4C31-4659-BE06-AC6CE1D3A327}"
EndProject
Project("{2150E333-8FDC-42A3-9474-1A3956D46DE8}") = "Task4", "Task4", "{2656256A-1A88-47B4-9E06-8AE270A2F3FC}"
EndProject
Project("{9A19103F-16F7-4668-BE54-9A1E7A4F7556}") = "Tyuiu.MyshakinD.Sprint5.Task4.V10", "Tyuiu.MyshakinD.Sprint5.Task4.V10\Tyuiu.MyshakinD.Sprint5.Task4.V10.csproj", "{F4466B2B-AF0D-491E-BDB0-6B6D20E6A900}"
EndProject
Project("{9A19103F-16F7-4668-BE54-9A1E7A4F7556}") = "Tyuiu.MyshakinD.Sprint5.Task4.V10.Lib", "Tyuiu.MyshakinD.Sprint5.Task4.V10.Lib\Tyuiu.MyshakinD.Sprint5.Task4.V10.Lib.csproj", "{568AD209-988F-4FCF-BFF3-FF451BA474FE}"
EndProject
Project("{9A19103F-16F7-4668-BE54-9A1E7A4F7556}") = "Tyuiu.MyshakinD.Sprint5.Task4.V10.Test", "Tyuiu.MyshakinD.Sprint5.Task4.V10.Test\Tyuiu.MyshakinD.Sprint5.Task4.V10.Test.csproj", "{8CB9241C-F17C-4F95-B977-ED98B66A6604}"
EndProject
Project("{2150E333-8FDC-42A3-9474-1A3956D46DE8}") = "Task5", "Task5", "{9640307E-0FDE-49FE-A360-DE7E4E16A5EC}"
EndProject
Project("{FAE04EC0-301F-11D3-BF4B-00C04F79EFBC}") = "Tyuiu.MyshakinD.Sprint5.Task5.V16", "Tyuiu.MyshakinD.Sprint5.Task5.V16\Tyuiu.MyshakinD.Sprint5.Task5.V16.csproj", "{ED86B783-AA22-478E-837A-18A4CD4A75B4}"
EndProject
Project("{FAE04EC0-301F-11D3-BF4B-00C04F79EFBC}") = "Tyuiu.MyshakinD.Sprint5.Task5.V16.Lib", "Tyuiu.MyshakinD.Sprint5.Task5.V16.Lib\Tyuiu.MyshakinD.Sprint5.Task5.V16.Lib.csproj", "{4D0524BB-5C6E-4742-9B14-01B460BAF1C7}"
EndProject
Project("{FAE04EC0-301F-11D3-BF4B-00C04F79EFBC}") = "Tyuiu.MyshakinD.Sprint5.Task5.V16.Test", "Tyuiu.MyshakinD.Sprint5.Task5.V16.Test\Tyuiu.MyshakinD.Sprint5.Task5.V16.Test.csproj", "{7165FD5C-3EDC-4A54-9681-CF8D4C15E6EB}"
EndProject
Global
	GlobalSection(SolutionConfigurationPlatforms) = preSolution
		Debug|Any CPU = Debug|Any CPU
		Release|Any CPU = Release|Any CPU
	EndGlobalSection
	GlobalSection(ProjectConfigurationPlatforms) = postSolution
		{77091D5C-EBD8-4B6C-93C7-8E756AB4A7AE}.Debug|Any CPU.ActiveCfg = Debug|Any CPU
		{77091D5C-EBD8-4B6C-93C7-8E756AB4A7AE}.Debug|Any CPU.Build.0 = Debug|Any CPU
		{77091D5C-EBD8-4B6C-93C7-8E756AB4A7AE}.Release|Any CPU.ActiveCfg = Release|Any CPU
		{77091D5C-EBD8-4B6C-93C7-8E756AB4A7AE}.Release|Any CPU.Build.0 = Release|Any CPU
		{FAAC81F4-26CD-40D4-976F-FB99A790C8CF}.Debug|Any CPU.ActiveCfg = Debug|Any CPU
		{FAAC81F4-26CD-40D4-976F-FB99A790C8CF}.Debug|Any CPU.Build.0 = Debug|Any CPU
		{FAAC81F4-26CD-40D4-976F-FB99A790C8CF}.Release|Any CPU.ActiveCfg = Release|Any CPU
		{FAAC81F4-26CD-40D4-976F-FB99A790C8CF}.Release|Any CPU.Build.0 = Release|Any CPU
		{517D3DD8-D2DD-4818-9C62-9D588935D32D}.Debug|Any CPU.ActiveCfg = Debug|Any CPU
		{517D3DD8-D2DD-4818-9C62-9D588935D32D}.Debug|Any CPU.Build.0 = Debug|Any CPU
		{517D3DD8-D2DD-4818-9C62-9D588935D32D}.Release|Any CPU.ActiveCfg = Release|Any CPU
		{517D3DD8-D2DD-4818-9C62-9D588935D32D}.Release|Any CPU.Build.0 = Release|Any CPU
		{EB18B1B0-7934-4A79-9F1B-C9BD612D62D6}.Debug|Any CPU.ActiveCfg = Debug|Any CPU
		{EB18B1B0-7934-4A79-9F1B-C9BD612D62D6}.Debug|Any CPU.Build.0 = Debug|Any CPU
		{EB18B1B0-7934-4A79-9F1B-C9BD612D62D6}.Release|Any CPU.ActiveCfg = Release|Any CPU
		{EB18B1B0-7934-4A79-9F1B-C9BD612D62D6}.Release|Any CPU.Build.0 = Release|Any CPU
		{11B13511-2905-4904-A182-2ED2F0C4F570}.Debug|Any CPU.ActiveCfg = Debug|Any CPU
		{11B13511-2905-4904-A182-2ED2F0C4F570}.Debug|Any CPU.Build.0 = Debug|Any CPU
		{11B13511-2905-4904-A182-2ED2F0C4F570}.Release|Any CPU.ActiveCfg = Release|Any CPU
		{11B13511-2905-4904-A182-2ED2F0C4F570}.Release|Any CPU.Build.0 = Release|Any CPU
		{EE887482-8D58-43B1-93C5-CEB6821CA15A}.Debug|Any CPU.ActiveCfg = Debug|Any CPU
		{EE887482-8D58-43B1-93C5-CEB6821CA15A}.Debug|Any CPU.Build.0 = Debug|Any CPU
		{EE887482-8D58-43B1-93C5-CEB6821CA15A}.Release|Any CPU.ActiveCfg = Release|Any CPU
		{EE887482-8D58-43B1-93C5-CEB6821CA15A}.Release|Any CPU.Build.0 = Release|Any CPU
		{E37386B9-2474-44E6-A875-C4946D323A89}.Debug|Any CPU.ActiveCfg = Debug|Any CPU
		{E37386B9-2474-44E6-A875-C4946D323A89}.Debug|Any CPU.Build.0 = Debug|Any CPU
		{E37386B9-2474-44E6-A875-C4946D323A89}.Release|Any CPU.ActiveCfg = Release|Any CPU
		{E37386B9-2474-44E6-A875-C4946D323A89}.Release|Any CPU.Build.0 = Release|Any CPU
		{DA764101-1D03-4071-9DA0-03F1A50CE738}.Debug|Any CPU.ActiveCfg = Debug|Any CPU
		{DA764101-1D03-4071-9DA0-03F1A50CE738}.Debug|Any CPU.Build.0 = Debug|Any CPU
		{DA764101-1D03-4071-9DA0-03F1A50CE738}.Release|Any CPU.ActiveCfg = Release|Any CPU
		{DA764101-1D03-4071-9DA0-03F1A50CE738}.Release|Any CPU.Build.0 = Release|Any CPU
		{2FA60C7F-2123-4FF1-AE06-E55FB74AD173}.Debug|Any CPU.ActiveCfg = Debug|Any CPU
		{2FA60C7F-2123-4FF1-AE06-E55FB74AD173}.Debug|Any CPU.Build.0 = Debug|Any CPU
		{2FA60C7F-2123-4FF1-AE06-E55FB74AD173}.Release|Any CPU.ActiveCfg = Release|Any CPU
		{2FA60C7F-2123-4FF1-AE06-E55FB74AD173}.Release|Any CPU.Build.0 = Release|Any CPU
		{FE3E1F7D-AB14-48FF-BC36-920799C60B7A}.Debug|Any CPU.ActiveCfg = Debug|Any CPU
		{FE3E1F7D-AB14-48FF-BC36-920799C60B7A}.Debug|Any CPU.Build.0 = Debug|Any CPU
		{FE3E1F7D-AB14-48FF-BC36-920799C60B7A}.Release|Any CPU.ActiveCfg = Release|Any CPU
		{FE3E1F7D-AB14-48FF-BC36-920799C60B7A}.Release|Any CPU.Build.0 = Release|Any CPU
		{F9D86711-7679-41BE-B71F-156E55E0D53A}.Debug|Any CPU.ActiveCfg = Debug|Any CPU
		{F9D86711-7679-41BE-B71F-156E55E0D53A}.Debug|Any CPU.Build.0 = Debug|Any CPU
		{F9D86711-7679-41BE-B71F-156E55E0D53A}.Release|Any CPU.ActiveCfg = Release|Any CPU
		{F9D86711-7679-41BE-B71F-156E55E0D53A}.Release|Any CPU.Build.0 = Release|Any CPU
		{3EE1D949-4C31-4659-BE06-AC6CE1D3A327}.Debug|Any CPU.ActiveCfg = Debug|Any CPU
		{3EE1D949-4C31-4659-BE06-AC6CE1D3A327}.Debug|Any CPU.Build.0 = Debug|Any CPU
		{3EE1D949-4C31-4659-BE06-AC6CE1D3A327}.Release|Any CPU.ActiveCfg = Release|Any CPU
		{3EE1D949-4C31-4659-BE06-AC6CE1D3A327}.Release|Any CPU.Build.0 = Release|Any CPU
		{F4466B2B-AF0D-491E-BDB0-6B6D20E6A900}.Debug|Any CPU.ActiveCfg = Debug|Any CPU
		{F4466B2B-AF0D-491E-BDB0-6B6D20E6A900}.Debug|Any CPU.Build.0 = Debug|Any CPU
		{F4466B2B-AF0D-491E-BDB0-6B6D20E6A900}.Release|Any CPU.ActiveCfg = Release|Any CPU
		{F4466B2B-AF0D-491E-BDB0-6B6D20E6A900}.Release|Any CPU.Build.0 = Release|Any CPU
		{568AD209-988F-4FCF-BFF3-FF451BA474FE}.Debug|Any CPU.ActiveCfg = Debug|Any CPU
		{568AD209-988F-4FCF-BFF3-FF451BA474FE}.Debug|Any CPU.Build.0 = Debug|Any CPU
		{568AD209-988F-4FCF-BFF3-FF451BA474FE}.Release|Any CPU.ActiveCfg = Release|Any CPU
		{568AD209-988F-4FCF-BFF3-FF451BA474FE}.Release|Any CPU.Build.0 = Release|Any CPU
		{8CB9241C-F17C-4F95-B977-ED98B66A6604}.Debug|Any CPU.ActiveCfg = Debug|Any CPU
		{8CB9241C-F17C-4F95-B977-ED98B66A6604}.Debug|Any CPU.Build.0 = Debug|Any CPU
		{8CB9241C-F17C-4F95-B977-ED98B66A6604}.Release|Any CPU.ActiveCfg = Release|Any CPU
		{8CB9241C-F17C-4F95-B977-ED98B66A6604}.Release|Any CPU.Build.0 = Release|Any CPU
		{ED86B783-AA22-478E-837A-18A4CD4A75B4}.Debug|Any CPU.ActiveCfg = Debug|Any CPU
		{ED86B783-AA22-478E-837A-18A4CD4A75B4}.Debug|Any CPU.Build.0 = Debug|Any CPU
		{ED86B783-AA22-478E-837A-18A4CD4A75B4}.Release|Any CPU.ActiveCfg = Release|Any CPU
		{ED86B783-AA22-478E-837A-18A4CD4A75B4}.Release|Any CPU.Build.0 = Release|Any CPU
		{4D0524BB-5C6E-4742-9B14-01B460BAF1C7}.Debug|Any CPU.ActiveCfg = Debug|Any CPU
		{4D0524BB-5C6E-4742-9B14-01B460BAF1C7}.Debug|Any CPU.Build.0 = Debug|Any CPU
		{4D0524BB-5C6E-4742-9B14-01B460BAF1C7}.Release|Any CPU.ActiveCfg = Release|Any CPU
		{4D0524BB-5C6E-4742-9B14-01B460BAF1C7}.Release|Any CPU.Build.0 = Release|Any CPU
		{7165FD5C-3EDC-4A54-9681-CF8D4C15E6EB}.Debug|Any CPU.ActiveCfg = Debug|Any CPU
		{7165FD5C-3EDC-4A54-9681-CF8D4C15E6EB}.Debug|Any CPU.Build.0 = Debug|Any CPU
		{7165FD5C-3EDC-4A54-9681-CF8D4C15E6EB}.Release|Any CPU.ActiveCfg = Release|Any CPU
		{7165FD5C-3EDC-4A54-9681-CF8D4C15E6EB}.Release|Any CPU.Build.0 = Release|Any CPU
	EndGlobalSection
	GlobalSection(SolutionProperties) = preSolution
		HideSolutionNode = FALSE
	EndGlobalSection
	GlobalSection(NestedProjects) = preSolution
		{77091D5C-EBD8-4B6C-93C7-8E756AB4A7AE} = {841821EF-CD4D-4A82-B707-482AECBC1788}
		{FAAC81F4-26CD-40D4-976F-FB99A790C8CF} = {841821EF-CD4D-4A82-B707-482AECBC1788}
		{517D3DD8-D2DD-4818-9C62-9D588935D32D} = {841821EF-CD4D-4A82-B707-482AECBC1788}
		{EB18B1B0-7934-4A79-9F1B-C9BD612D62D6} = {AC8A18EB-0D0C-4F53-BCF7-9326FA15B64C}
		{11B13511-2905-4904-A182-2ED2F0C4F570} = {AC8A18EB-0D0C-4F53-BCF7-9326FA15B64C}
		{EE887482-8D58-43B1-93C5-CEB6821CA15A} = {AC8A18EB-0D0C-4F53-BCF7-9326FA15B64C}
		{E37386B9-2474-44E6-A875-C4946D323A89} = {BA22D943-9404-4D1E-A798-B28412CDF7B7}
		{DA764101-1D03-4071-9DA0-03F1A50CE738} = {BA22D943-9404-4D1E-A798-B28412CDF7B7}
		{2FA60C7F-2123-4FF1-AE06-E55FB74AD173} = {BA22D943-9404-4D1E-A798-B28412CDF7B7}
		{FE3E1F7D-AB14-48FF-BC36-920799C60B7A} = {C6D1B4C1-B9E9-41CE-8CDF-FB67E4C7DC5B}
		{F9D86711-7679-41BE-B71F-156E55E0D53A} = {C6D1B4C1-B9E9-41CE-8CDF-FB67E4C7DC5B}
		{3EE1D949-4C31-4659-BE06-AC6CE1D3A327} = {C6D1B4C1-B9E9-41CE-8CDF-FB67E4C7DC5B}
		{F4466B2B-AF0D-491E-BDB0-6B6D20E6A900} = {2656256A-1A88-47B4-9E06-8AE270A2F3FC}
		{568AD209-988F-4FCF-BFF3-FF451BA474FE} = {2656256A-1A88-47B4-9E06-8AE270A2F3FC}
		{8CB9241C-F17C-4F95-B977-ED98B66A6604} = {2656256A-1A88-47B4-9E06-8AE270A2F3FC}
		{ED86B783-AA22-478E-837A-18A4CD4A75B4} = {9640307E-0FDE-49FE-A360-DE7E4E16A5EC}
		{4D0524BB-5C6E-4742-9B14-01B460BAF1C7} = {9640307E-0FDE-49FE-A360-DE7E4E16A5EC}
		{7165FD5C-3EDC-4A54-9681-CF8D4C15E6EB} = {9640307E-0FDE-49FE-A360-DE7E4E16A5EC}
	EndGlobalSection
	GlobalSection(ExtensibilityGlobals) = postSolution
		SolutionGuid = {88A9D2CB-185D-4583-9963-1412AA632394}
	EndGlobalSection
EndGlobal
