
Microsoft Visual Studio Solution File, Format Version 12.00
# Visual Studio Version 17
VisualStudioVersion = 17.11.35303.130
MinimumVisualStudioVersion = 10.0.40219.1
Project("{2150E333-8FDC-42A3-9474-1A3956D46DE8}") = "Task0", "Task0", "{841821EF-CD4D-4A82-B707-482AECBC1788}"
EndProject
Project("{FAE04EC0-301F-11D3-BF4B-00C04F79EFBC}") = "Tyuiu.MyshakinD.Sprint5.Task0.V17", "Tyuiu.MyshakinD.Sprint5.Task0.V17\Tyuiu.MyshakinD.Sprint5.Task0.V17.csproj", "{77091D5C-EBD8-4B6C-93C7-8E756AB4A7AE}"
EndProject
Project("{FAE04EC0-301F-11D3-BF4B-00C04F79EFBC}") = "Tyuiu.MyshakinD.Sprint5.Task0.V17.Lib", "Tyuiu.MyshakinD.Sprint5.Task0.V17.Lib\Tyuiu.MyshakinD.Sprint5.Task0.V17.Lib.csproj", "{FAAC81F4-26CD-40D4-976F-FB99A790C8CF}"
EndProject
Project("{FAE04EC0-301F-11D3-BF4B-00C04F79EFBC}") = "Tyuiu.MyshakinD.Sprint5.Task0.V17.Test", "Tyuiu.MyshakinD.Sprint5.Task0.V17.Test\Tyuiu.MyshakinD.Sprint5.Task0.V17.Test.csproj", "{517D3DD8-D2DD-4818-9C62-9D588935D32D}"
EndProject
Project("{2150E333-8FDC-42A3-9474-1A3956D46DE8}") = "Task1", "Task1", "{AC8A18EB-0D0C-4F53-BCF7-9326FA15B64C}"
EndProject
Project("{FAE04EC0-301F-11D3-BF4B-00C04F79EFBC}") = "Tyuiu.MyshakinD.Sprint5.Task1.V4", "Tyuiu.MyshakinD.Sprint5.Task1.V4\Tyuiu.MyshakinD.Sprint5.Task1.V4.csproj", "{EB18B1B0-7934-4A79-9F1B-C9BD612D62D6}"
EndProject
Project("{FAE04EC0-301F-11D3-BF4B-00C04F79EFBC}") = "Tyuiu.MyshakinD.Sprint5.Task1.V4.Lib", "Tyuiu.MyshakinD.Sprint5.Task1.V4.Lib\Tyuiu.MyshakinD.Sprint5.Task1.V4.Lib.csproj", "{11B13511-2905-4904-A182-2ED2F0C4F570}"
EndProject
Project("{FAE04EC0-301F-11D3-BF4B-00C04F79EFBC}") = "Tyuiu.MyshakinD.Sprint5.Task1.V4.Test", "Tyuiu.MyshakinD.Sprint5.Task1.V4.Test\Tyuiu.MyshakinD.Sprint5.Task1.V4.Test.csproj", "{EE887482-8D58-43B1-93C5-CEB6821CA15A}"
EndProject
Global
	GlobalSection(SolutionConfigurationPlatforms) = preSolution
		Debug|Any CPU = Debug|Any CPU
		Release|Any CPU = Release|Any CPU
	EndGlobalSection
	GlobalSection(ProjectConfigurationPlatforms) = postSolution
		{77091D5C-EBD8-4B6C-93C7-8E756AB4A7AE}.Debug|Any CPU.ActiveCfg = Debug|Any CPU
		{77091D5C-EBD8-4B6C-93C7-8E756AB4A7AE}.Debug|Any CPU.Build.0 = Debug|Any CPU
		{77091D5C-EBD8-4B6C-93C7-8E756AB4A7AE}.Release|Any CPU.ActiveCfg = Release|Any CPU
		{77091D5C-EBD8-4B6C-93C7-8E756AB4A7AE}.Release|Any CPU.Build.0 = Release|Any CPU
		{FAAC81F4-26CD-40D4-976F-FB99A790C8CF}.Debug|Any CPU.ActiveCfg = Debug|Any CPU
		{FAAC81F4-26CD-40D4-976F-FB99A790C8CF}.Debug|Any CPU.Build.0 = Debug|Any CPU
		{FAAC81F4-26CD-40D4-976F-FB99A790C8CF}.Release|Any CPU.ActiveCfg = Release|Any CPU
		{FAAC81F4-26CD-40D4-976F-FB99A790C8CF}.Release|Any CPU.Build.0 = Release|Any CPU
		{517D3DD8-D2DD-4818-9C62-9D588935D32D}.Debug|Any CPU.ActiveCfg = Debug|Any CPU
		{517D3DD8-D2DD-4818-9C62-9D588935D32D}.Debug|Any CPU.Build.0 = Debug|Any CPU
		{517D3DD8-D2DD-4818-9C62-9D588935D32D}.Release|Any CPU.ActiveCfg = Release|Any CPU
		{517D3DD8-D2DD-4818-9C62-9D588935D32D}.Release|Any CPU.Build.0 = Release|Any CPU
		{EB18B1B0-7934-4A79-9F1B-C9BD612D62D6}.Debug|Any CPU.ActiveCfg = Debug|Any CPU
		{EB18B1B0-7934-4A79-9F1B-C9BD612D62D6}.Debug|Any CPU.Build.0 = Debug|Any CPU
		{EB18B1B0-7934-4A79-9F1B-C9BD612D62D6}.Release|Any CPU.ActiveCfg = Release|Any CPU
		{EB18B1B0-7934-4A79-9F1B-C9BD612D62D6}.Release|Any CPU.Build.0 = Release|Any CPU
		{11B13511-2905-4904-A182-2ED2F0C4F570}.Debug|Any CPU.ActiveCfg = Debug|Any CPU
		{11B13511-2905-4904-A182-2ED2F0C4F570}.Debug|Any CPU.Build.0 = Debug|Any CPU
		{11B13511-2905-4904-A182-2ED2F0C4F570}.Release|Any CPU.ActiveCfg = Release|Any CPU
		{11B13511-2905-4904-A182-2ED2F0C4F570}.Release|Any CPU.Build.0 = Release|Any CPU
		{EE887482-8D58-43B1-93C5-CEB6821CA15A}.Debug|Any CPU.ActiveCfg = Debug|Any CPU
		{EE887482-8D58-43B1-93C5-CEB6821CA15A}.Debug|Any CPU.Build.0 = Debug|Any CPU
		{EE887482-8D58-43B1-93C5-CEB6821CA15A}.Release|Any CPU.ActiveCfg = Release|Any CPU
		{EE887482-8D58-43B1-93C5-CEB6821CA15A}.Release|Any CPU.Build.0 = Release|Any CPU
	EndGlobalSection
	GlobalSection(SolutionProperties) = preSolution
		HideSolutionNode = FALSE
	EndGlobalSection
	GlobalSection(NestedProjects) = preSolution
		{77091D5C-EBD8-4B6C-93C7-8E756AB4A7AE} = {841821EF-CD4D-4A82-B707-482AECBC1788}
		{FAAC81F4-26CD-40D4-976F-FB99A790C8CF} = {841821EF-CD4D-4A82-B707-482AECBC1788}
		{517D3DD8-D2DD-4818-9C62-9D588935D32D} = {841821EF-CD4D-4A82-B707-482AECBC1788}
		{EB18B1B0-7934-4A79-9F1B-C9BD612D62D6} = {AC8A18EB-0D0C-4F53-BCF7-9326FA15B64C}
		{11B13511-2905-4904-A182-2ED2F0C4F570} = {AC8A18EB-0D0C-4F53-BCF7-9326FA15B64C}
		{EE887482-8D58-43B1-93C5-CEB6821CA15A} = {AC8A18EB-0D0C-4F53-BCF7-9326FA15B64C}
	EndGlobalSection
	GlobalSection(ExtensibilityGlobals) = postSolution
		SolutionGuid = {88A9D2CB-185D-4583-9963-1412AA632394}
	EndGlobalSection
EndGlobal
